<?xml version="1.0" encoding="utf-8"?>
<Project ToolsVersion="4.0" xmlns="http://schemas.microsoft.com/developer/msbuild/2003">
  <ItemGroup>
    <Filter Include="Source Files">
      <UniqueIdentifier>{4FC737F1-C7A5-4376-A066-2A32D752A2FF}</UniqueIdentifier>
      <Extensions>cpp;c;cc;cxx;def;odl;idl;hpj;bat;asm;asmx</Extensions>
    </Filter>
    <Filter Include="Header Files">
      <UniqueIdentifier>{93995380-89BD-4b04-88EB-625FBE52EBFB}</UniqueIdentifier>
      <Extensions>h;hh;hpp;hxx;hm;inl;inc;xsd</Extensions>
    </Filter>
    <Filter Include="Resource Files">
      <UniqueIdentifier>{67DA6AB6-F800-4c08-8B7A-83BB121AAD01}</UniqueIdentifier>
      <Extensions>rc;ico;cur;bmp;dlg;rc2;rct;bin;rgs;gif;jpg;jpeg;jpe;resx;tiff;tif;png;wav;mfcribbon-ms</Extensions>
    </Filter>
    <Filter Include="Classes">
      <UniqueIdentifier>{a51ad227-3a17-4ab6-90d0-150818a82668}</UniqueIdentifier>
    </Filter>
    <Filter Include="Classes\FbxImport">
      <UniqueIdentifier>{81f8fe3b-2cf7-449f-bab5-9ff18b3e2661}</UniqueIdentifier>
    </Filter>
    <Filter Include="Classes\FbxPrinter">
      <UniqueIdentifier>{d8f9a554-0a86-4a39-8077-08389560de58}</UniqueIdentifier>
    </Filter>
    <Filter Include="Classes\MeshHandler">
      <UniqueIdentifier>{0ffefdeb-0068-4ea3-918e-f0d6d683b983}</UniqueIdentifier>
    </Filter>
    <Filter Include="Classes\CameraHandler">
      <UniqueIdentifier>{912fbbc8-3c8a-47cc-b057-27b7a447af90}</UniqueIdentifier>
    </Filter>

    <Filter Include="Classes\MaterialHandler">
      <UniqueIdentifier>{d50f8b34-8cb9-4485-a982-45fa3fd77619}</UniqueIdentifier>
    </Filter>
    <Filter Include="Classes\LightHandler">
      <UniqueIdentifier>{2c9aec51-786a-47cf-b2c7-d163a6612153}</UniqueIdentifier>
    </Filter>
    <Filter Include="Classes\BrfExporter">
      <UniqueIdentifier>{bf6cb66d-967f-4cdb-8146-054a8b2d18b6}</UniqueIdentifier>
    </Filter>
    <Filter Include="Classes\BrfExporter\MeshExport">
      <UniqueIdentifier>{d49c8c41-3eb5-44ee-a60b-74fe2a82922f}</UniqueIdentifier>
    </Filter>
    <Filter Include="Classes\BrfExporter\SkeletonExport">
      <UniqueIdentifier>{25a269e1-b6f3-4a77-a6e2-acbe5abdadad}</UniqueIdentifier>
    </Filter>
    <Filter Include="Classes\BrfExporter\LightExport">
      <UniqueIdentifier>{748a3e2d-d0fc-4dfa-bdca-01af00ce8cf6}</UniqueIdentifier>
    </Filter>
    <Filter Include="Classes\BrfExporter\MorphAnimExport">
      <UniqueIdentifier>{bdd3277a-67a7-4f64-8a06-13a02db279b4}</UniqueIdentifier>
    </Filter>
    <Filter Include="Classes\BrfExporter\AttributesExport">
      <UniqueIdentifier>{6294562a-bb91-4af7-8add-728e223f69d0}</UniqueIdentifier>
    </Filter>
    <Filter Include="Classes\SkeletonHandler">
      <UniqueIdentifier>{c1329d25-f2ae-4a10-bf22-0e01e774799d}</UniqueIdentifier>
    </Filter>
    <Filter Include="Classes\BrfExporter\MaterialExport">
      <UniqueIdentifier>{2bf2fa1c-5661-4263-914d-5c18ffe566ec}</UniqueIdentifier>
    </Filter>
  </ItemGroup>
  <ItemGroup>
    <ClCompile Include="main.cpp">
      <Filter>Source Files</Filter>
    </ClCompile>
    <ClCompile Include="FbxImport.cpp">
      <Filter>Classes\FbxImport</Filter>
    </ClCompile>
    <ClCompile Include="FbxPrinter.cpp">
      <Filter>Classes\FbxPrinter</Filter>
    </ClCompile>
    <ClCompile Include="MeshHandler.cpp">
      <Filter>Classes\MeshHandler</Filter>
    </ClCompile>
    <ClCompile Include="CameraHandler.cpp">
      <Filter>Classes\CameraHandler</Filter>
    </ClCompile>
    <ClCompile Include="MaterialHandler.cpp">
      <Filter>Classes\MaterialHandler</Filter>
    </ClCompile>
    <ClCompile Include="LightHandler.cpp">
      <Filter>Classes\LightHandler</Filter>
    </ClCompile>
    <ClCompile Include="BrfExporter.cpp">
      <Filter>Classes\BrfExporter</Filter>
    </ClCompile>
    <ClCompile Include="MeshExport.cpp">
      <Filter>Classes\BrfExporter\MeshExport</Filter>
    </ClCompile>
    <ClCompile Include="SkeletonExport.cpp">
      <Filter>Classes\BrfExporter\SkeletonExport</Filter>
    </ClCompile>
    <ClCompile Include="LightExport.cpp">
      <Filter>Classes\BrfExporter\LightExport</Filter>
    </ClCompile>
    <ClCompile Include="MorphAnimExport.cpp">
      <Filter>Classes\BrfExporter\MorphAnimExport</Filter>
    </ClCompile>
    <ClCompile Include="AttributesExport.cpp">
      <Filter>Classes\BrfExporter\AttributesExport</Filter>
    </ClCompile>
    <ClCompile Include="SkeletonHandler.cpp">
      <Filter>Classes\SkeletonHandler</Filter>
    </ClCompile>
    <ClCompile Include="MaterialExport.cpp">
      <Filter>Classes\BrfExporter\MaterialExport</Filter>
    </ClCompile>
  </ItemGroup>
  <ItemGroup>
    <ClInclude Include="fbxSDK.h">
      <Filter>Header Files</Filter>
    </ClInclude>
    <ClInclude Include="FbxImport.h">
      <Filter>Classes\FbxImport</Filter>
    </ClInclude>
    <ClInclude Include="FbxPrinter.h">
      <Filter>Classes\FbxPrinter</Filter>
    </ClInclude>
    <ClInclude Include="MeshHandler.h">
      <Filter>Classes\MeshHandler</Filter>
    </ClInclude>
    <ClInclude Include="CameraHandler.h">
      <Filter>Classes\CameraHandler</Filter>
    </ClInclude>
    <ClInclude Include="MaterialHandler.h">
      <Filter>Classes\MaterialHandler</Filter>
    </ClInclude>
    <ClInclude Include="BRFImporterStructs.h">
      <Filter>Header Files</Filter>
    </ClInclude>
    <ClInclude Include="LightHandler.h">
      <Filter>Classes\LightHandler</Filter>
    </ClInclude>
    <ClInclude Include="BrfExporter.h">
      <Filter>Classes\BrfExporter</Filter>
    </ClInclude>
    <ClInclude Include="MeshExport.h">
      <Filter>Classes\BrfExporter\MeshExport</Filter>
    </ClInclude>
    <ClInclude Include="SkeletonExport.h">
      <Filter>Classes\BrfExporter\SkeletonExport</Filter>
    </ClInclude>
    <ClInclude Include="LightExport.h">
      <Filter>Classes\BrfExporter\LightExport</Filter>
    </ClInclude>
    <ClInclude Include="MorphAnimExport.h">
      <Filter>Classes\BrfExporter\MorphAnimExport</Filter>
    </ClInclude>
    <ClInclude Include="AttributesExport.h">
      <Filter>Classes\BrfExporter\AttributesExport</Filter>
    </ClInclude>
    <ClInclude Include="SkeletonHandler.h">
      <Filter>Classes\SkeletonHandler</Filter>
    </ClInclude>
    <ClInclude Include="MaterialExport.h">
      <Filter>Classes\BrfExporter\MaterialExport</Filter>
    </ClInclude>
  </ItemGroup>
</Project>