<?xml version="1.0" encoding="utf-8"?>
<Project ToolsVersion="4.0" xmlns="http://schemas.microsoft.com/developer/msbuild/2003">
  <ItemGroup>
    <Filter Include="Source Files">
      <UniqueIdentifier>{4FC737F1-C7A5-4376-A066-2A32D752A2FF}</UniqueIdentifier>
      <Extensions>cpp;c;cc;cxx;def;odl;idl;hpj;bat;asm;asmx</Extensions>
    </Filter>
    <Filter Include="Header Files">
      <UniqueIdentifier>{93995380-89BD-4b04-88EB-625FBE52EBFB}</UniqueIdentifier>
      <Extensions>h;hh;hpp;hxx;hm;inl;inc;xsd</Extensions>
    </Filter>
    <Filter Include="Resource Files">
      <UniqueIdentifier>{67DA6AB6-F800-4c08-8B7A-83BB121AAD01}</UniqueIdentifier>
      <Extensions>rc;ico;cur;bmp;dlg;rc2;rct;bin;rgs;gif;jpg;jpeg;jpe;resx;tiff;tif;png;wav;mfcribbon-ms</Extensions>
    </Filter>
    <Filter Include="Resource Files\GetMesh">
      <UniqueIdentifier>{fa28f0a9-ac2d-4218-ba00-4ccde0e7a925}</UniqueIdentifier>
    </Filter>
    <Filter Include="Classes">
      <UniqueIdentifier>{a51ad227-3a17-4ab6-90d0-150818a82668}</UniqueIdentifier>
    </Filter>
    <Filter Include="Classes\FbxImport">
      <UniqueIdentifier>{81f8fe3b-2cf7-449f-bab5-9ff18b3e2661}</UniqueIdentifier>
    </Filter>
    <Filter Include="Classes\FbxPrinter">
      <UniqueIdentifier>{d8f9a554-0a86-4a39-8077-08389560de58}</UniqueIdentifier>
    </Filter>
    <Filter Include="Classes\MeshHandler">
      <UniqueIdentifier>{0ffefdeb-0068-4ea3-918e-f0d6d683b983}</UniqueIdentifier>
    </Filter>
    <Filter Include="Classes\CameraHandler">
      <UniqueIdentifier>{912fbbc8-3c8a-47cc-b057-27b7a447af90}</UniqueIdentifier>
    </Filter>
    <Filter Include="Classes\MaterialHandler">
      <UniqueIdentifier>{d50f8b34-8cb9-4485-a982-45fa3fd77619}</UniqueIdentifier>
    </Filter>
  </ItemGroup>
  <ItemGroup>
    <ClCompile Include="main.cpp">
      <Filter>Source Files</Filter>
    </ClCompile>
    <ClCompile Include="GetMeshData.cpp">
      <Filter>Resource Files\GetMesh</Filter>
    </ClCompile>
    <ClCompile Include="FbxImport.cpp">
      <Filter>Classes\FbxImport</Filter>
    </ClCompile>
    <ClCompile Include="FbxPrinter.cpp">
      <Filter>Classes\FbxPrinter</Filter>
    </ClCompile>
    <ClCompile Include="MeshHandler.cpp">
      <Filter>Classes\MeshHandler</Filter>
    </ClCompile>
    <ClCompile Include="CameraHandler.cpp">
      <Filter>Classes\CameraHandler</Filter>
    </ClCompile>
    <ClCompile Include="CameraStuct.h">
      <Filter>Classes\CameraHandler</Filter>
    </ClCompile>
    <ClCompile Include="MaterialHandler.cpp">
      <Filter>Classes\MaterialHandler</Filter>
    </ClCompile>
  </ItemGroup>
  <ItemGroup>
    <ClInclude Include="fbxSDK.h">
      <Filter>Header Files</Filter>
    </ClInclude>
    <ClInclude Include="GetMeshData.h">
      <Filter>Resource Files\GetMesh</Filter>
    </ClInclude>
    <ClInclude Include="FbxImport.h">
      <Filter>Classes\FbxImport</Filter>
    </ClInclude>
    <ClInclude Include="FbxPrinter.h">
      <Filter>Classes\FbxPrinter</Filter>
    </ClInclude>
    <ClInclude Include="MeshHandler.h">
      <Filter>Classes\MeshHandler</Filter>
    </ClInclude>
    <ClInclude Include="CameraHandler.h">
      <Filter>Classes\CameraHandler</Filter>
    </ClInclude>
    <ClInclude Include="MaterialHandler.h">
      <Filter>Classes\MaterialHandler</Filter>
    </ClInclude>
    <ClInclude Include="MaterialStruct.h">
      <Filter>Classes\MaterialHandler</Filter>
    </ClInclude>
  </ItemGroup>
</Project>